<?xml version="1.0" encoding="utf-8"?>
<Project ToolsVersion="4.0" xmlns="http://schemas.microsoft.com/developer/msbuild/2003">
  <ItemGroup>
    <Filter Include="Source Files">
      <UniqueIdentifier>{4FC737F1-C7A5-4376-A066-2A32D752A2FF}</UniqueIdentifier>
      <Extensions>cpp;c;cc;cxx;c++;cppm;ixx;def;odl;idl;hpj;bat;asm;asmx</Extensions>
    </Filter>
    <Filter Include="Header Files">
      <UniqueIdentifier>{93995380-89BD-4b04-88EB-625FBE52EBFB}</UniqueIdentifier>
      <Extensions>h;hh;hpp;hxx;h++;hm;inl;inc;ipp;xsd</Extensions>
    </Filter>
    <Filter Include="Resource Files">
      <UniqueIdentifier>{67DA6AB6-F800-4c08-8B7A-83BB121AAD01}</UniqueIdentifier>
      <Extensions>rc;ico;cur;bmp;dlg;rc2;rct;bin;rgs;gif;jpg;jpeg;jpe;resx;tiff;tif;png;wav;mfcribbon-ms</Extensions>
    </Filter>
    <Filter Include="Header Files\World System">
      <UniqueIdentifier>{1784079b-5860-4eb2-b44a-f37164f56254}</UniqueIdentifier>
    </Filter>
    <Filter Include="Source Files\World System">
      <UniqueIdentifier>{99519dc5-980f-4ec7-aff0-810f80d71a38}</UniqueIdentifier>
    </Filter>
    <Filter Include="Source Files\Animation">
      <UniqueIdentifier>{dc1ca7f5-e84c-4e64-b05e-d8d3c5486c5d}</UniqueIdentifier>
    </Filter>
    <Filter Include="Header Files\Animation">
      <UniqueIdentifier>{053b58c0-9efc-47e7-9a9c-a5c80656dc0c}</UniqueIdentifier>
    </Filter>
    <Filter Include="Header Files\Animation\Animator">
      <UniqueIdentifier>{5c7e566c-941f-431f-a053-1f32b748603c}</UniqueIdentifier>
    </Filter>
    <Filter Include="Source Files\Animation\Animator">
      <UniqueIdentifier>{e2333530-d472-432a-889a-689bc0717a48}</UniqueIdentifier>
    </Filter>
    <Filter Include="Header Files\Animation\L-systems">
      <UniqueIdentifier>{f1f37462-0e4c-43d8-9868-b44cedc36adc}</UniqueIdentifier>
    </Filter>
    <Filter Include="Source Files\Animation\L-systems">
      <UniqueIdentifier>{eab50151-eee4-4665-ae77-56f8ea285eeb}</UniqueIdentifier>
    </Filter>
  </ItemGroup>
  <ItemGroup>
    <ClCompile Include="main.cpp">
      <Filter>Source Files</Filter>
    </ClCompile>
    <ClCompile Include="vmc_window.cpp">
      <Filter>Source Files</Filter>
    </ClCompile>
    <ClCompile Include="vmc_app.cpp">
      <Filter>Source Files</Filter>
    </ClCompile>
    <ClCompile Include="vmc_pipeline.cpp">
      <Filter>Source Files</Filter>
    </ClCompile>
    <ClCompile Include="vmc_device.cpp">
      <Filter>Source Files</Filter>
    </ClCompile>
    <ClCompile Include="vmc_swap_chain.cpp">
      <Filter>Source Files</Filter>
    </ClCompile>
    <ClCompile Include="vmc_model.cpp">
      <Filter>Source Files</Filter>
    </ClCompile>
    <ClCompile Include="vmc_game_object.cpp">
      <Filter>Source Files</Filter>
    </ClCompile>
    <ClCompile Include="vmc_renderer.cpp">
      <Filter>Source Files</Filter>
    </ClCompile>
    <ClCompile Include="simple_render_system.cpp">
      <Filter>Source Files</Filter>
    </ClCompile>
    <ClCompile Include="vmc_camera.cpp">
      <Filter>Source Files</Filter>
    </ClCompile>
    <ClCompile Include="keyboard_movement_controller.cpp">
      <Filter>Source Files</Filter>
    </ClCompile>
    <ClCompile Include="chunk_component.cpp">
      <Filter>Source Files\World System</Filter>
    </ClCompile>
    <ClCompile Include="spline.cpp">
      <Filter>Source Files\Animation</Filter>
    </ClCompile>
    <ClCompile Include="spline_keyboard_controller.cpp">
      <Filter>Source Files\Animation</Filter>
    </ClCompile>
    <ClCompile Include="function_animator.cpp">
      <Filter>Source Files\Animation\Animator</Filter>
    </ClCompile>
    <ClCompile Include="spline_animator.cpp">
      <Filter>Source Files\Animation\Animator</Filter>
    </ClCompile>
    <ClCompile Include="animator.cpp">
      <Filter>Source Files\Animation\Animator</Filter>
    </ClCompile>
    <ClCompile Include="function.cpp">
      <Filter>Source Files\Animation</Filter>
    </ClCompile>
    <ClCompile Include="l_system.cpp">
      <Filter>Source Files\Animation\L-systems</Filter>
    </ClCompile>
    <ClCompile Include="prod_rule.cpp">
      <Filter>Source Files\Animation\L-systems</Filter>
    </ClCompile>
  </ItemGroup>
  <ItemGroup>
    <ClInclude Include="vmc_window.hpp">
      <Filter>Header Files</Filter>
    </ClInclude>
    <ClInclude Include="vmc_pipeline.hpp">
      <Filter>Header Files</Filter>
    </ClInclude>
    <ClInclude Include="vmc_app.hpp">
      <Filter>Header Files</Filter>
    </ClInclude>
    <ClInclude Include="vmc_device.hpp">
      <Filter>Header Files</Filter>
    </ClInclude>
    <ClInclude Include="vmc_swap_chain.hpp">
      <Filter>Header Files</Filter>
    </ClInclude>
    <ClInclude Include="vmc_model.hpp">
      <Filter>Header Files</Filter>
    </ClInclude>
    <ClInclude Include="vmc_game_object.hpp">
      <Filter>Header Files</Filter>
    </ClInclude>
    <ClInclude Include="vmc_renderer.hpp">
      <Filter>Header Files</Filter>
    </ClInclude>
    <ClInclude Include="simple_render_system.hpp">
      <Filter>Header Files</Filter>
    </ClInclude>
    <ClInclude Include="vmc_camera.hpp">
      <Filter>Header Files</Filter>
    </ClInclude>
    <ClInclude Include="keyboard_movement_controller.hpp">
      <Filter>Header Files</Filter>
    </ClInclude>
    <ClInclude Include="vmc_utils.hpp">
      <Filter>Header Files</Filter>
    </ClInclude>
    <ClInclude Include="enums.hpp">
      <Filter>Header Files</Filter>
    </ClInclude>
    <ClInclude Include="chunk_component.hpp">
      <Filter>Header Files\World System</Filter>
    </ClInclude>
    <ClInclude Include="block_model.hpp">
      <Filter>Header Files\World System</Filter>
    </ClInclude>
    <ClInclude Include="spline.hpp">
      <Filter>Header Files\Animation</Filter>
    </ClInclude>
    <ClInclude Include="spline_keyboard_controller.hpp">
      <Filter>Header Files\Animation</Filter>
    </ClInclude>
    <ClInclude Include="function_animator.hpp">
      <Filter>Header Files\Animation\Animator</Filter>
    </ClInclude>
    <ClInclude Include="spline_animator.hpp">
      <Filter>Header Files\Animation\Animator</Filter>
    </ClInclude>
    <ClInclude Include="animator.hpp">
      <Filter>Header Files\Animation\Animator</Filter>
    </ClInclude>
    <ClInclude Include="function.hpp">
      <Filter>Header Files\Animation</Filter>
    </ClInclude>
    <ClInclude Include="l_system.hpp">
      <Filter>Header Files\Animation\L-systems</Filter>
    </ClInclude>
    <ClInclude Include="prod_rule.hpp">
      <Filter>Header Files\Animation\L-systems</Filter>
    </ClInclude>
  </ItemGroup>
</Project>